
Microsoft Visual Studio Solution File, Format Version 12.00
# Visual Studio Version 17
VisualStudioVersion = 17.8.34525.116
MinimumVisualStudioVersion = 10.0.40219.1
Project("{FAE04EC0-301F-11D3-BF4B-00C04F79EFBC}") = "TodoApi", "TodoApi\TodoApi.csproj", "{BDDE1231-93B8-4FDA-9B19-658C906BA979}"
EndProject
Global
	GlobalSection(SolutionConfigurationPlatforms) = preSolution
		Debug|Any CPU = Debug|Any CPU
		Release|Any CPU = Release|Any CPU
	EndGlobalSection
	GlobalSection(ProjectConfigurationPlatforms) = postSolution
		{BDDE1231-93B8-4FDA-9B19-658C906BA979}.Debug|Any CPU.ActiveCfg = Debug|Any CPU
		{BDDE1231-93B8-4FDA-9B19-658C906BA979}.Debug|Any CPU.Build.0 = Debug|Any CPU
		{BDDE1231-93B8-4FDA-9B19-658C906BA979}.Release|Any CPU.ActiveCfg = Release|Any CPU
		{BDDE1231-93B8-4FDA-9B19-658C906BA979}.Release|Any CPU.Build.0 = Release|Any CPU
	EndGlobalSection
	GlobalSection(SolutionProperties) = preSolution
		HideSolutionNode = FALSE
	EndGlobalSection
	GlobalSection(ExtensibilityGlobals) = postSolution
		SolutionGuid = {4204B392-4E70-4EB3-B136-50ACA1B53CD9}
	EndGlobalSection
EndGlobal
